
Microsoft Visual Studio Solution File, Format Version 12.00
# Visual Studio 14
VisualStudioVersion = 14.0.23107.0
MinimumVisualStudioVersion = 10.0.40219.1
Project("{FAE04EC0-301F-11D3-BF4B-00C04F79EFBC}") = "Framework.AssetLibrary.Mail", "Framework.AssetLibrary.Mail\Framework.AssetLibrary.Mail.csproj", "{697CA5C8-7BEB-475B-981A-46602C373624}"
EndProject
Global
	GlobalSection(SolutionConfigurationPlatforms) = preSolution
		Debug|Any CPU = Debug|Any CPU
		Release|Any CPU = Release|Any CPU
	EndGlobalSection
	GlobalSection(ProjectConfigurationPlatforms) = postSolution
		{697CA5C8-7BEB-475B-981A-46602C373624}.Debug|Any CPU.ActiveCfg = Debug|Any CPU
		{697CA5C8-7BEB-475B-981A-46602C373624}.Debug|Any CPU.Build.0 = Debug|Any CPU
		{697CA5C8-7BEB-475B-981A-46602C373624}.Release|Any CPU.ActiveCfg = Release|Any CPU
		{697CA5C8-7BEB-475B-981A-46602C373624}.Release|Any CPU.Build.0 = Release|Any CPU
	EndGlobalSection
	GlobalSection(SolutionProperties) = preSolution
		HideSolutionNode = FALSE
	EndGlobalSection
EndGlobal
